
Microsoft Visual Studio Solution File, Format Version 12.00
# Visual Studio 15
VisualStudioVersion = 15.0.28307.168
MinimumVisualStudioVersion = 10.0.40219.1
Project("{8BC9CEB8-8B4A-11D0-8D11-00A0C91BC942}") = "CarRacing", "CarRacing\CarRacing.vcxproj", "{864C91BA-D27F-42D0-8A2D-FE7A557D1C8E}"
EndProject
Global
	GlobalSection(SolutionConfigurationPlatforms) = preSolution
		Debug|x64 = Debug|x64
		Debug|x86 = Debug|x86
		Release|x64 = Release|x64
		Release|x86 = Release|x86
	EndGlobalSection
	GlobalSection(ProjectConfigurationPlatforms) = postSolution
		{864C91BA-D27F-42D0-8A2D-FE7A557D1C8E}.Debug|x64.ActiveCfg = Debug|x64
		{864C91BA-D27F-42D0-8A2D-FE7A557D1C8E}.Debug|x64.Build.0 = Debug|x64
		{864C91BA-D27F-42D0-8A2D-FE7A557D1C8E}.Debug|x86.ActiveCfg = Debug|Win32
		{864C91BA-D27F-42D0-8A2D-FE7A557D1C8E}.Debug|x86.Build.0 = Debug|Win32
		{864C91BA-D27F-42D0-8A2D-FE7A557D1C8E}.Release|x64.ActiveCfg = Release|x64
		{864C91BA-D27F-42D0-8A2D-FE7A557D1C8E}.Release|x64.Build.0 = Release|x64
		{864C91BA-D27F-42D0-8A2D-FE7A557D1C8E}.Release|x86.ActiveCfg = Release|Win32
		{864C91BA-D27F-42D0-8A2D-FE7A557D1C8E}.Release|x86.Build.0 = Release|Win32
	EndGlobalSection
	GlobalSection(SolutionProperties) = preSolution
		HideSolutionNode = FALSE
	EndGlobalSection
	GlobalSection(ExtensibilityGlobals) = postSolution
		SolutionGuid = {0F505FA3-537B-4C20-8176-A2CB49BDE545}
	EndGlobalSection
EndGlobal
